// !$*UTF8*$!
{
	archiveVersion = 1;
	classes = {
	};
	objectVersion = 50;
	objects = {

/* Begin PBXBuildFile section */
		CB36AAB521F5A4650078D692 /* AppDelegate.m in Sources */ = {isa = PBXBuildFile; fileRef = CB36AAB421F5A4650078D692 /* AppDelegate.m */; };
		CB36AAB821F5A4650078D692 /* ViewController.m in Sources */ = {isa = PBXBuildFile; fileRef = CB36AAB721F5A4650078D692 /* ViewController.m */; };
		CB36AABB21F5A4650078D692 /* Main.storyboard in Resources */ = {isa = PBXBuildFile; fileRef = CB36AAB921F5A4650078D692 /* Main.storyboard */; };
		CB36AABD21F5A4670078D692 /* Assets.xcassets in Resources */ = {isa = PBXBuildFile; fileRef = CB36AABC21F5A4670078D692 /* Assets.xcassets */; };
		CB36AAC021F5A4670078D692 /* LaunchScreen.storyboard in Resources */ = {isa = PBXBuildFile; fileRef = CB36AABE21F5A4670078D692 /* LaunchScreen.storyboard */; };
		CB36AAC321F5A4670078D692 /* main.m in Sources */ = {isa = PBXBuildFile; fileRef = CB36AAC221F5A4670078D692 /* main.m */; };
		CB36AACC21F5A5020078D692 /* JMNotifyView.m in Sources */ = {isa = PBXBuildFile; fileRef = CB36AACB21F5A5020078D692 /* JMNotifyView.m */; };
/* End PBXBuildFile section */

/* Begin PBXFileReference section */
		CB36AAB021F5A4650078D692 /* JMNotifyViewExample.app */ = {isa = PBXFileReference; explicitFileType = wrapper.application; includeInIndex = 0; path = JMNotifyViewExample.app; sourceTree = BUILT_PRODUCTS_DIR; };
		CB36AAB321F5A4650078D692 /* AppDelegate.h */ = {isa = PBXFileReference; lastKnownFileType = sourcecode.c.h; path = AppDelegate.h; sourceTree = "<group>"; };
		CB36AAB421F5A4650078D692 /* AppDelegate.m */ = {isa = PBXFileReference; lastKnownFileType = sourcecode.c.objc; path = AppDelegate.m; sourceTree = "<group>"; };
		CB36AAB621F5A4650078D692 /* ViewController.h */ = {isa = PBXFileReference; lastKnownFileType = sourcecode.c.h; path = ViewController.h; sourceTree = "<group>"; };
		CB36AAB721F5A4650078D692 /* ViewController.m */ = {isa = PBXFileReference; lastKnownFileType = sourcecode.c.objc; path = ViewController.m; sourceTree = "<group>"; };
		CB36AABA21F5A4650078D692 /* Base */ = {isa = PBXFileReference; lastKnownFileType = file.storyboard; name = Base; path = Base.lproj/Main.storyboard; sourceTree = "<group>"; };
		CB36AABC21F5A4670078D692 /* Assets.xcassets */ = {isa = PBXFileReference; lastKnownFileType = folder.assetcatalog; path = Assets.xcassets; sourceTree = "<group>"; };
		CB36AABF21F5A4670078D692 /* Base */ = {isa = PBXFileReference; lastKnownFileType = file.storyboard; name = Base; path = Base.lproj/LaunchScreen.storyboard; sourceTree = "<group>"; };
		CB36AAC121F5A4670078D692 /* Info.plist */ = {isa = PBXFileReference; lastKnownFileType = text.plist.xml; path = Info.plist; sourceTree = "<group>"; };
		CB36AAC221F5A4670078D692 /* main.m */ = {isa = PBXFileReference; lastKnownFileType = sourcecode.c.objc; path = main.m; sourceTree = "<group>"; };
		CB36AACA21F5A5020078D692 /* JMNotifyView.h */ = {isa = PBXFileReference; fileEncoding = 4; lastKnownFileType = sourcecode.c.h; path = JMNotifyView.h; sourceTree = "<group>"; };
		CB36AACB21F5A5020078D692 /* JMNotifyView.m */ = {isa = PBXFileReference; fileEncoding = 4; lastKnownFileType = sourcecode.c.objc; path = JMNotifyView.m; sourceTree = "<group>"; };
/* End PBXFileReference section */

/* Begin PBXFrameworksBuildPhase section */
		CB36AAAD21F5A4650078D692 /* Frameworks */ = {
			isa = PBXFrameworksBuildPhase;
			buildActionMask = 2147483647;
			files = (
			);
			runOnlyForDeploymentPostprocessing = 0;
		};
/* End PBXFrameworksBuildPhase section */

/* Begin PBXGroup section */
		CB36AAA721F5A4650078D692 = {
			isa = PBXGroup;
			children = (
				CB36AAB221F5A4650078D692 /* JMNotifyViewExample */,
				CB36AAB121F5A4650078D692 /* Products */,
			);
			sourceTree = "<group>";
		};
		CB36AAB121F5A4650078D692 /* Products */ = {
			isa = PBXGroup;
			children = (
				CB36AAB021F5A4650078D692 /* JMNotifyViewExample.app */,
			);
			name = Products;
			sourceTree = "<group>";
		};
		CB36AAB221F5A4650078D692 /* JMNotifyViewExample */ = {
			isa = PBXGroup;
			children = (
				CB36AAC921F5A5020078D692 /* JMNotifyView */,
				CB36AAB321F5A4650078D692 /* AppDelegate.h */,
				CB36AAB421F5A4650078D692 /* AppDelegate.m */,
				CB36AAB621F5A4650078D692 /* ViewController.h */,
				CB36AAB721F5A4650078D692 /* ViewController.m */,
				CB36AAB921F5A4650078D692 /* Main.storyboard */,
				CB36AABC21F5A4670078D692 /* Assets.xcassets */,
				CB36AABE21F5A4670078D692 /* LaunchScreen.storyboard */,
				CB36AAC121F5A4670078D692 /* Info.plist */,
				CB36AAC221F5A4670078D692 /* main.m */,
			);
			path = JMNotifyViewExample;
			sourceTree = "<group>";
		};
		CB36AAC921F5A5020078D692 /* JMNotifyView */ = {
			isa = PBXGroup;
			children = (
				CB36AACA21F5A5020078D692 /* JMNotifyView.h */,
				CB36AACB21F5A5020078D692 /* JMNotifyView.m */,
			);
			path = JMNotifyView;
			sourceTree = SOURCE_ROOT;
		};
/* End PBXGroup section */

/* Begin PBXNativeTarget section */
		CB36AAAF21F5A4650078D692 /* JMNotifyViewExample */ = {
			isa = PBXNativeTarget;
			buildConfigurationList = CB36AAC621F5A4670078D692 /* Build configuration list for PBXNativeTarget "JMNotifyViewExample" */;
			buildPhases = (
				CB36AAAC21F5A4650078D692 /* Sources */,
				CB36AAAD21F5A4650078D692 /* Frameworks */,
				CB36AAAE21F5A4650078D692 /* Resources */,
			);
			buildRules = (
			);
			dependencies = (
			);
			name = JMNotifyViewExample;
			productName = JMNotifyViewExample;
			productReference = CB36AAB021F5A4650078D692 /* JMNotifyViewExample.app */;
			productType = "com.apple.product-type.application";
		};
/* End PBXNativeTarget section */

/* Begin PBXProject section */
		CB36AAA821F5A4650078D692 /* Project object */ = {
			isa = PBXProject;
			attributes = {
				LastUpgradeCheck = 1010;
				ORGANIZATIONNAME = JM;
				TargetAttributes = {
					CB36AAAF21F5A4650078D692 = {
						CreatedOnToolsVersion = 10.1;
					};
				};
			};
			buildConfigurationList = CB36AAAB21F5A4650078D692 /* Build configuration list for PBXProject "JMNotifyViewExample" */;
			compatibilityVersion = "Xcode 9.3";
			developmentRegion = en;
			hasScannedForEncodings = 0;
			knownRegions = (
				en,
				Base,
			);
			mainGroup = CB36AAA721F5A4650078D692;
			productRefGroup = CB36AAB121F5A4650078D692 /* Products */;
			projectDirPath = "";
			projectRoot = "";
			targets = (
				CB36AAAF21F5A4650078D692 /* JMNotifyViewExample */,
			);
		};
/* End PBXProject section */

/* Begin PBXResourcesBuildPhase section */
		CB36AAAE21F5A4650078D692 /* Resources */ = {
			isa = PBXResourcesBuildPhase;
			buildActionMask = 2147483647;
			files = (
				CB36AAC021F5A4670078D692 /* LaunchScreen.storyboard in Resources */,
				CB36AABD21F5A4670078D692 /* Assets.xcassets in Resources */,
				CB36AABB21F5A4650078D692 /* Main.storyboard in Resources */,
			);
			runOnlyForDeploymentPostprocessing = 0;
		};
/* End PBXResourcesBuildPhase section */

/* Begin PBXSourcesBuildPhase section */
		CB36AAAC21F5A4650078D692 /* Sources */ = {
			isa = PBXSourcesBuildPhase;
			buildActionMask = 2147483647;
			files = (
				CB36AACC21F5A5020078D692 /* JMNotifyView.m in Sources */,
				CB36AAB821F5A4650078D692 /* ViewController.m in Sources */,
				CB36AAC321F5A4670078D692 /* main.m in Sources */,
				CB36AAB521F5A4650078D692 /* AppDelegate.m in Sources */,
			);
			runOnlyForDeploymentPostprocessing = 0;
		};
/* End PBXSourcesBuildPhase section */

/* Begin PBXVariantGroup section */
		CB36AAB921F5A4650078D692 /* Main.storyboard */ = {
			isa = PBXVariantGroup;
			children = (
				CB36AABA21F5A4650078D692 /* Base */,
			);
			name = Main.storyboard;
			sourceTree = "<group>";
		};
		CB36AABE21F5A4670078D692 /* LaunchScreen.storyboard */ = {
			isa = PBXVariantGroup;
			children = (
				CB36AABF21F5A4670078D692 /* Base */,
			);
			name = LaunchScreen.storyboard;
			sourceTree = "<group>";
		};
/* End PBXVariantGroup section */

/* Begin XCBuildConfiguration section */
		CB36AAC421F5A4670078D692 /* Debug */ = {
			isa = XCBuildConfiguration;
			buildSettings = {
				ALWAYS_SEARCH_USER_PATHS = NO;
				CLANG_ANALYZER_NONNULL = YES;
				CLANG_ANALYZER_NUMBER_OBJECT_CONVERSION = YES_AGGRESSIVE;
				CLANG_CXX_LANGUAGE_STANDARD = "gnu++14";
				CLANG_CXX_LIBRARY = "libc++";
				CLANG_ENABLE_MODULES = YES;
				CLANG_ENABLE_OBJC_ARC = YES;
				CLANG_ENABLE_OBJC_WEAK = YES;
				CLANG_WARN_BLOCK_CAPTURE_AUTORELEASING = YES;
				CLANG_WARN_BOOL_CONVERSION = YES;
				CLANG_WARN_COMMA = YES;
				CLANG_WARN_CONSTANT_CONVERSION = YES;
				CLANG_WARN_DEPRECATED_OBJC_IMPLEMENTATIONS = YES;
				CLANG_WARN_DIRECT_OBJC_ISA_USAGE = YES_ERROR;
				CLANG_WARN_DOCUMENTATION_COMMENTS = YES;
				CLANG_WARN_EMPTY_BODY = YES;
				CLANG_WARN_ENUM_CONVERSION = YES;
				CLANG_WARN_INFINITE_RECURSION = YES;
				CLANG_WARN_INT_CONVERSION = YES;
				CLANG_WARN_NON_LITERAL_NULL_CONVERSION = YES;
				CLANG_WARN_OBJC_IMPLICIT_RETAIN_SELF = YES;
				CLANG_WARN_OBJC_LITERAL_CONVERSION = YES;
				CLANG_WARN_OBJC_ROOT_CLASS = YES_ERROR;
				CLANG_WARN_RANGE_LOOP_ANALYSIS = YES;
				CLANG_WARN_STRICT_PROTOTYPES = YES;
				CLANG_WARN_SUSPICIOUS_MOVE = YES;
				CLANG_WARN_UNGUARDED_AVAILABILITY = YES_AGGRESSIVE;
				CLANG_WARN_UNREACHABLE_CODE = YES;
				CLANG_WARN__DUPLICATE_METHOD_MATCH = YES;
				CODE_SIGN_IDENTITY = "iPhone Developer";
				COPY_PHASE_STRIP = NO;
				DEBUG_INFORMATION_FORMAT = dwarf;
				ENABLE_STRICT_OBJC_MSGSEND = YES;
				ENABLE_TESTABILITY = YES;
				GCC_C_LANGUAGE_STANDARD = gnu11;
				GCC_DYNAMIC_NO_PIC = NO;
				GCC_NO_COMMON_BLOCKS = YES;
				GCC_OPTIMIZATION_LEVEL = 0;
				GCC_PREPROCESSOR_DEFINITIONS = (
					"DEBUG=1",
					"$(inherited)",
				);
				GCC_WARN_64_TO_32_BIT_CONVERSION = YES;
				GCC_WARN_ABOUT_RETURN_TYPE = YES_ERROR;
				GCC_WARN_UNDECLARED_SELECTOR = YES;
				GCC_WARN_UNINITIALIZED_AUTOS = YES_AGGRESSIVE;
				GCC_WARN_UNUSED_FUNCTION = YES;
				GCC_WARN_UNUSED_VARIABLE = YES;
				IPHONEOS_DEPLOYMENT_TARGET = 12.1;
				MTL_ENABLE_DEBUG_INFO = INCLUDE_SOURCE;
				MTL_FAST_MATH = YES;
				ONLY_ACTIVE_ARCH = YES;
				SDKROOT = iphoneos;
			};
			name = Debug;
		};
		CB36AAC521F5A4670078D692 /* Release */ = {
			isa = XCBuildConfiguration;
			buildSettings = {
				ALWAYS_SEARCH_USER_PATHS = NO;
				CLANG_ANALYZER_NONNULL = YES;
				CLANG_ANALYZER_NUMBER_OBJECT_CONVERSION = YES_AGGRESSIVE;
				CLANG_CXX_LANGUAGE_STANDARD = "gnu++14";
				CLANG_CXX_LIBRARY = "libc++";
				CLANG_ENABLE_MODULES = YES;
				CLANG_ENABLE_OBJC_ARC = YES;
				CLANG_ENABLE_OBJC_WEAK = YES;
				CLANG_WARN_BLOCK_CAPTURE_AUTORELEASING = YES;
				CLANG_WARN_BOOL_CONVERSION = YES;
				CLANG_WARN_COMMA = YES;
				CLANG_WARN_CONSTANT_CONVERSION = YES;
				CLANG_WARN_DEPRECATED_OBJC_IMPLEMENTATIONS = YES;
				CLANG_WARN_DIRECT_OBJC_ISA_USAGE = YES_ERROR;
				CLANG_WARN_DOCUMENTATION_COMMENTS = YES;
				CLANG_WARN_EMPTY_BODY = YES;
				CLANG_WARN_ENUM_CONVERSION = YES;
				CLANG_WARN_INFINITE_RECURSION = YES;
				CLANG_WARN_INT_CONVERSION = YES;
				CLANG_WARN_NON_LITERAL_NULL_CONVERSION = YES;
				CLANG_WARN_OBJC_IMPLICIT_RETAIN_SELF = YES;
				CLANG_WARN_OBJC_LITERAL_CONVERSION = YES;
				CLANG_WARN_OBJC_ROOT_CLASS = YES_ERROR;
				CLANG_WARN_RANGE_LOOP_ANALYSIS = YES;
				CLANG_WARN_STRICT_PROTOTYPES = YES;
				CLANG_WARN_SUSPICIOUS_MOVE = YES;
				CLANG_WARN_UNGUARDED_AVAILABILITY = YES_AGGRESSIVE;
				CLANG_WARN_UNREACHABLE_CODE = YES;
				CLANG_WARN__DUPLICATE_METHOD_MATCH = YES;
				CODE_SIGN_IDENTITY = "iPhone Developer";
				COPY_PHASE_STRIP = NO;
				DEBUG_INFORMATION_FORMAT = "dwarf-with-dsym";
				ENABLE_NS_ASSERTIONS = NO;
				ENABLE_STRICT_OBJC_MSGSEND = YES;
				GCC_C_LANGUAGE_STANDARD = gnu11;
				GCC_NO_COMMON_BLOCKS = YES;
				GCC_WARN_64_TO_32_BIT_CONVERSION = YES;
				GCC_WARN_ABOUT_RETURN_TYPE = YES_ERROR;
				GCC_WARN_UNDECLARED_SELECTOR = YES;
				GCC_WARN_UNINITIALIZED_AUTOS = YES_AGGRESSIVE;
				GCC_WARN_UNUSED_FUNCTION = YES;
				GCC_WARN_UNUSED_VARIABLE = YES;
				IPHONEOS_DEPLOYMENT_TARGET = 12.1;
				MTL_ENABLE_DEBUG_INFO = NO;
				MTL_FAST_MATH = YES;
				SDKROOT = iphoneos;
				VALIDATE_PRODUCT = YES;
			};
			name = Release;
		};
		CB36AAC721F5A4670078D692 /* Debug */ = {
			isa = XCBuildConfiguration;
			buildSettings = {
				ASSETCATALOG_COMPILER_APPICON_NAME = AppIcon;
				CODE_SIGN_STYLE = Automatic;
				DEVELOPMENT_TEAM = 9RL8S7JFUQ;
				INFOPLIST_FILE = JMNotifyViewExample/Info.plist;
				IPHONEOS_DEPLOYMENT_TARGET = 8.0;
				LD_RUNPATH_SEARCH_PATHS = (
					"$(inherited)",
					"@executable_path/Frameworks",
				);
				PRODUCT_BUNDLE_IDENTIFIER = com.s.JMNotifyViewExample;
				PRODUCT_NAME = "$(TARGET_NAME)";
				TARGETED_DEVICE_FAMILY = 1;
			};
			name = Debug;
		};
		CB36AAC821F5A4670078D692 /* Release */ = {
			isa = XCBuildConfiguration;
			buildSettings = {
				ASSETCATALOG_COMPILER_APPICON_NAME = AppIcon;
				CODE_SIGN_STYLE = Automatic;
				DEVELOPMENT_TEAM = 9RL8S7JFUQ;
				INFOPLIST_FILE = JMNotifyViewExample/Info.plist;
				IPHONEOS_DEPLOYMENT_TARGET = 8.0;
				LD_RUNPATH_SEARCH_PATHS = (
					"$(inherited)",
					"@executable_path/Frameworks",
				);
				PRODUCT_BUNDLE_IDENTIFIER = com.s.JMNotifyViewExample;
				PRODUCT_NAME = "$(TARGET_NAME)";
				TARGETED_DEVICE_FAMILY = 1;
			};
			name = Release;
		};
/* End XCBuildConfiguration section */

/* Begin XCConfigurationList section */
		CB36AAAB21F5A4650078D692 /* Build configuration list for PBXProject "JMNotifyViewExample" */ = {
			isa = XCConfigurationList;
			buildConfigurations = (
				CB36AAC421F5A4670078D692 /* Debug */,
				CB36AAC521F5A4670078D692 /* Release */,
			);
			defaultConfigurationIsVisible = 0;
			defaultConfigurationName = Release;
		};
		CB36AAC621F5A4670078D692 /* Build configuration list for PBXNativeTarget "JMNotifyViewExample" */ = {
			isa = XCConfigurationList;
			buildConfigurations = (
				CB36AAC721F5A4670078D692 /* Debug */,
				CB36AAC821F5A4670078D692 /* Release */,
			);
			defaultConfigurationIsVisible = 0;
			defaultConfigurationName = Release;
		};
/* End XCConfigurationList section */
	};
	rootObject = CB36AAA821F5A4650078D692 /* Project object */;
}
